
Microsoft Visual Studio Solution File, Format Version 12.00
# Visual Studio Version 16
VisualStudioVersion = 16.0.30621.155
MinimumVisualStudioVersion = 10.0.40219.1
Project("{FAE04EC0-301F-11D3-BF4B-00C04F79EFBC}") = "Taschenrechner", "Taschenrechner.csproj", "{593C6576-5CA1-406B-A348-25BB97F8C78D}"
EndProject
Project("{2150E333-8FDC-42A3-9474-1A3956D46DE8}") = "Solution Items", "Solution Items", "{9B3871DF-27BC-4F88-A2B1-2C3CEF897FB1}"
	ProjectSection(SolutionItems) = preProject
		UserStory.txt = UserStory.txt
	EndProjectSection
EndProject
Global
	GlobalSection(SolutionConfigurationPlatforms) = preSolution
		Debug|Any CPU = Debug|Any CPU
		Release|Any CPU = Release|Any CPU
	EndGlobalSection
	GlobalSection(ProjectConfigurationPlatforms) = postSolution
		{593C6576-5CA1-406B-A348-25BB97F8C78D}.Debug|Any CPU.ActiveCfg = Debug|Any CPU
		{593C6576-5CA1-406B-A348-25BB97F8C78D}.Debug|Any CPU.Build.0 = Debug|Any CPU
		{593C6576-5CA1-406B-A348-25BB97F8C78D}.Release|Any CPU.ActiveCfg = Release|Any CPU
		{593C6576-5CA1-406B-A348-25BB97F8C78D}.Release|Any CPU.Build.0 = Release|Any CPU
	EndGlobalSection
	GlobalSection(SolutionProperties) = preSolution
		HideSolutionNode = FALSE
	EndGlobalSection
	GlobalSection(ExtensibilityGlobals) = postSolution
		SolutionGuid = {589D58FF-2F40-433A-9A77-EC59D7F8E354}
	EndGlobalSection
EndGlobal
